
Microsoft Visual Studio Solution File, Format Version 12.00
# Visual Studio Version 17
VisualStudioVersion = 17.5.002.0
MinimumVisualStudioVersion = 10.0.40219.1
Project("{9A19103F-16F7-4668-BE54-9A1E7A4F7556}") = "Prueba.Net.AlejandroCastrillonGomez--use-controllers", "Prueba.Net.AlejandroCastrillonGomez--use-controllers.csproj", "{BA4C7D02-B822-4A73-B6A0-4EB23745F0FB}"
EndProject
Global
	GlobalSection(SolutionConfigurationPlatforms) = preSolution
		Debug|Any CPU = Debug|Any CPU
		Release|Any CPU = Release|Any CPU
	EndGlobalSection
	GlobalSection(ProjectConfigurationPlatforms) = postSolution
		{BA4C7D02-B822-4A73-B6A0-4EB23745F0FB}.Debug|Any CPU.ActiveCfg = Debug|Any CPU
		{BA4C7D02-B822-4A73-B6A0-4EB23745F0FB}.Debug|Any CPU.Build.0 = Debug|Any CPU
		{BA4C7D02-B822-4A73-B6A0-4EB23745F0FB}.Release|Any CPU.ActiveCfg = Release|Any CPU
		{BA4C7D02-B822-4A73-B6A0-4EB23745F0FB}.Release|Any CPU.Build.0 = Release|Any CPU
	EndGlobalSection
	GlobalSection(SolutionProperties) = preSolution
		HideSolutionNode = FALSE
	EndGlobalSection
	GlobalSection(ExtensibilityGlobals) = postSolution
		SolutionGuid = {7970C1BE-8DB9-410E-844F-3708FD5DFC07}
	EndGlobalSection
EndGlobal
